
Microsoft Visual Studio Solution File, Format Version 12.00
# Visual Studio Version 17
VisualStudioVersion = 17.11.35208.52
MinimumVisualStudioVersion = 10.0.40219.1
Project("{9A19103F-16F7-4668-BE54-9A1E7A4F7556}") = "WebApplicationGB", "WebApplicationGB\WebApplicationGB.csproj", "{59A10D79-C450-4233-8638-FB2E38826969}"
EndProject
Global
	GlobalSection(SolutionConfigurationPlatforms) = preSolution
		Debug|Any CPU = Debug|Any CPU
		Release|Any CPU = Release|Any CPU
	EndGlobalSection
	GlobalSection(ProjectConfigurationPlatforms) = postSolution
		{59A10D79-C450-4233-8638-FB2E38826969}.Debug|Any CPU.ActiveCfg = Debug|Any CPU
		{59A10D79-C450-4233-8638-FB2E38826969}.Debug|Any CPU.Build.0 = Debug|Any CPU
		{59A10D79-C450-4233-8638-FB2E38826969}.Release|Any CPU.ActiveCfg = Release|Any CPU
		{59A10D79-C450-4233-8638-FB2E38826969}.Release|Any CPU.Build.0 = Release|Any CPU
	EndGlobalSection
	GlobalSection(SolutionProperties) = preSolution
		HideSolutionNode = FALSE
	EndGlobalSection
	GlobalSection(ExtensibilityGlobals) = postSolution
		SolutionGuid = {5E8732DA-B654-44AD-B91B-A84D73963781}
	EndGlobalSection
EndGlobal
